
Microsoft Visual Studio Solution File, Format Version 12.00
Project("{FAE04EC0-301F-11D3-BF4B-00C04F79EFBC}") = "InformationProtectionLab1", "InformationProtectionLab1\InformationProtectionLab1.csproj", "{7659BFC8-E017-405E-9E89-087932BCAF69}"
EndProject
Global
	GlobalSection(SolutionConfigurationPlatforms) = preSolution
		Debug|Any CPU = Debug|Any CPU
		Release|Any CPU = Release|Any CPU
	EndGlobalSection
	GlobalSection(ProjectConfigurationPlatforms) = postSolution
		{7659BFC8-E017-405E-9E89-087932BCAF69}.Debug|Any CPU.ActiveCfg = Debug|Any CPU
		{7659BFC8-E017-405E-9E89-087932BCAF69}.Debug|Any CPU.Build.0 = Debug|Any CPU
		{7659BFC8-E017-405E-9E89-087932BCAF69}.Release|Any CPU.ActiveCfg = Release|Any CPU
		{7659BFC8-E017-405E-9E89-087932BCAF69}.Release|Any CPU.Build.0 = Release|Any CPU
	EndGlobalSection
EndGlobal
