
Microsoft Visual Studio Solution File, Format Version 12.00
# Visual Studio Version 17
VisualStudioVersion = 17.0.32126.317
MinimumVisualStudioVersion = 10.0.40219.1
Project("{FAE04EC0-301F-11D3-BF4B-00C04F79EFBC}") = "InformationProtection4_Sharp", "InformationProtection4_Sharp\InformationProtection4_Sharp.csproj", "{11C3120F-5826-4F2F-ABE7-3E24CD933A6E}"
EndProject
Global
	GlobalSection(SolutionConfigurationPlatforms) = preSolution
		Debug|Any CPU = Debug|Any CPU
		Release|Any CPU = Release|Any CPU
	EndGlobalSection
	GlobalSection(ProjectConfigurationPlatforms) = postSolution
		{11C3120F-5826-4F2F-ABE7-3E24CD933A6E}.Debug|Any CPU.ActiveCfg = Debug|Any CPU
		{11C3120F-5826-4F2F-ABE7-3E24CD933A6E}.Debug|Any CPU.Build.0 = Debug|Any CPU
		{11C3120F-5826-4F2F-ABE7-3E24CD933A6E}.Release|Any CPU.ActiveCfg = Release|Any CPU
		{11C3120F-5826-4F2F-ABE7-3E24CD933A6E}.Release|Any CPU.Build.0 = Release|Any CPU
	EndGlobalSection
	GlobalSection(SolutionProperties) = preSolution
		HideSolutionNode = FALSE
	EndGlobalSection
	GlobalSection(ExtensibilityGlobals) = postSolution
		SolutionGuid = {8DC019B6-A18C-41AF-896B-C9C8EF0E5FBB}
	EndGlobalSection
EndGlobal
